
Microsoft Visual Studio Solution File, Format Version 12.00
Project("{FAE04EC0-301F-11D3-BF4B-00C04F79EFBC}") = "Itpros.Haiku.Detection", "Itpros.Haiku.Detection\Itpros.Haiku.Detection.csproj", "{03F5BD3C-4543-48C3-BBCA-3D49669446CD}"
EndProject
Global
	GlobalSection(SolutionConfigurationPlatforms) = preSolution
		Debug|Any CPU = Debug|Any CPU
		Release|Any CPU = Release|Any CPU
	EndGlobalSection
	GlobalSection(ProjectConfigurationPlatforms) = postSolution
		{03F5BD3C-4543-48C3-BBCA-3D49669446CD}.Debug|Any CPU.ActiveCfg = Debug|Any CPU
		{03F5BD3C-4543-48C3-BBCA-3D49669446CD}.Debug|Any CPU.Build.0 = Debug|Any CPU
		{03F5BD3C-4543-48C3-BBCA-3D49669446CD}.Release|Any CPU.ActiveCfg = Release|Any CPU
		{03F5BD3C-4543-48C3-BBCA-3D49669446CD}.Release|Any CPU.Build.0 = Release|Any CPU
	EndGlobalSection
EndGlobal
